
Microsoft Visual Studio Solution File, Format Version 12.00
# Visual Studio Version 17
VisualStudioVersion = 17.8.34316.72
MinimumVisualStudioVersion = 10.0.40219.1
Project("{FAE04EC0-301F-11D3-BF4B-00C04F79EFBC}") = "ExordiumGames", "ExordiumGames\ExordiumGames.csproj", "{2AD30FEB-E517-409D-8DBF-F6FC101EB41B}"
EndProject
Global
	GlobalSection(SolutionConfigurationPlatforms) = preSolution
		Debug|Any CPU = Debug|Any CPU
		Release|Any CPU = Release|Any CPU
	EndGlobalSection
	GlobalSection(ProjectConfigurationPlatforms) = postSolution
		{2AD30FEB-E517-409D-8DBF-F6FC101EB41B}.Debug|Any CPU.ActiveCfg = Debug|Any CPU
		{2AD30FEB-E517-409D-8DBF-F6FC101EB41B}.Debug|Any CPU.Build.0 = Debug|Any CPU
		{2AD30FEB-E517-409D-8DBF-F6FC101EB41B}.Release|Any CPU.ActiveCfg = Release|Any CPU
		{2AD30FEB-E517-409D-8DBF-F6FC101EB41B}.Release|Any CPU.Build.0 = Release|Any CPU
	EndGlobalSection
	GlobalSection(SolutionProperties) = preSolution
		HideSolutionNode = FALSE
	EndGlobalSection
	GlobalSection(ExtensibilityGlobals) = postSolution
		SolutionGuid = {3E587944-56EC-4C23-9FF3-6E399464F4E7}
	EndGlobalSection
EndGlobal
